
Microsoft Visual Studio Solution File, Format Version 12.00
Project("{9A19103F-16F7-4668-BE54-9A1E7A4F7556}") = "_build", "build\_build.csproj", "{58E41A3E-8227-4F3B-8835-3FB0776872A6}"
EndProject
Project("{FAE04EC0-301F-11D3-BF4B-00C04F79EFBC}") = "Ubiety.Logging.Core", "src\Ubiety.Logging.Core\Ubiety.Logging.Core.csproj", "{FEC6BF09-0689-4082-B2D1-67EC6955EC2B}"
EndProject
Global
	GlobalSection(SolutionConfigurationPlatforms) = preSolution
		Debug|Any CPU = Debug|Any CPU
		Release|Any CPU = Release|Any CPU
	EndGlobalSection
	GlobalSection(ProjectConfigurationPlatforms) = postSolution
		{58E41A3E-8227-4F3B-8835-3FB0776872A6}.Debug|Any CPU.ActiveCfg = Debug|Any CPU
		{58E41A3E-8227-4F3B-8835-3FB0776872A6}.Release|Any CPU.ActiveCfg = Release|Any CPU
		{FEC6BF09-0689-4082-B2D1-67EC6955EC2B}.Debug|Any CPU.ActiveCfg = Debug|Any CPU
		{FEC6BF09-0689-4082-B2D1-67EC6955EC2B}.Debug|Any CPU.Build.0 = Debug|Any CPU
		{FEC6BF09-0689-4082-B2D1-67EC6955EC2B}.Release|Any CPU.ActiveCfg = Release|Any CPU
		{FEC6BF09-0689-4082-B2D1-67EC6955EC2B}.Release|Any CPU.Build.0 = Release|Any CPU
	EndGlobalSection
EndGlobal
