
Microsoft Visual Studio Solution File, Format Version 12.00
Project("{FAE04EC0-301F-11D3-BF4B-00C04F79EFBC}") = "Ubiety.Logging.Core", "Ubiety.Logging.Core\Ubiety.Logging.Core.csproj", "{8974007F-72A0-4339-8F20-82E496069B1D}"
EndProject
Global
	GlobalSection(SolutionConfigurationPlatforms) = preSolution
		Debug|Any CPU = Debug|Any CPU
		Release|Any CPU = Release|Any CPU
	EndGlobalSection
	GlobalSection(ProjectConfigurationPlatforms) = postSolution
		{8974007F-72A0-4339-8F20-82E496069B1D}.Debug|Any CPU.ActiveCfg = Debug|Any CPU
		{8974007F-72A0-4339-8F20-82E496069B1D}.Debug|Any CPU.Build.0 = Debug|Any CPU
		{8974007F-72A0-4339-8F20-82E496069B1D}.Release|Any CPU.ActiveCfg = Release|Any CPU
		{8974007F-72A0-4339-8F20-82E496069B1D}.Release|Any CPU.Build.0 = Release|Any CPU
	EndGlobalSection
EndGlobal
